
Microsoft Visual Studio Solution File, Format Version 12.00
# Visual Studio 2013
VisualStudioVersion = 12.0.31101.0
MinimumVisualStudioVersion = 10.0.40219.1
Project("{FAE04EC0-301F-11D3-BF4B-00C04F79EFBC}") = "Schedulator", "Schedulator\Schedulator.csproj", "{FA5F1E42-0D3A-484D-9FDE-192D6EBAEFA3}"
EndProject
Project("{FAE04EC0-301F-11D3-BF4B-00C04F79EFBC}") = "Schedulator.Tests", "Schedulator.Tests\Schedulator.Tests.csproj", "{054B6885-5CA8-4D40-BC4A-8CB920DDE19A}"
EndProject
Global
	GlobalSection(SolutionConfigurationPlatforms) = preSolution
		Debug|Any CPU = Debug|Any CPU
		Release|Any CPU = Release|Any CPU
	EndGlobalSection
	GlobalSection(ProjectConfigurationPlatforms) = postSolution
		{FA5F1E42-0D3A-484D-9FDE-192D6EBAEFA3}.Debug|Any CPU.ActiveCfg = Debug|Any CPU
		{FA5F1E42-0D3A-484D-9FDE-192D6EBAEFA3}.Debug|Any CPU.Build.0 = Debug|Any CPU
		{FA5F1E42-0D3A-484D-9FDE-192D6EBAEFA3}.Release|Any CPU.ActiveCfg = Release|Any CPU
		{FA5F1E42-0D3A-484D-9FDE-192D6EBAEFA3}.Release|Any CPU.Build.0 = Release|Any CPU
		{054B6885-5CA8-4D40-BC4A-8CB920DDE19A}.Debug|Any CPU.ActiveCfg = Debug|Any CPU
		{054B6885-5CA8-4D40-BC4A-8CB920DDE19A}.Debug|Any CPU.Build.0 = Debug|Any CPU
		{054B6885-5CA8-4D40-BC4A-8CB920DDE19A}.Release|Any CPU.ActiveCfg = Release|Any CPU
		{054B6885-5CA8-4D40-BC4A-8CB920DDE19A}.Release|Any CPU.Build.0 = Release|Any CPU
	EndGlobalSection
	GlobalSection(SolutionProperties) = preSolution
		HideSolutionNode = FALSE
	EndGlobalSection
EndGlobal
